
Microsoft Visual Studio Solution File, Format Version 12.00
# Visual Studio Version 17
VisualStudioVersion = 17.5.33414.496
MinimumVisualStudioVersion = 10.0.40219.1
Project("{FAE04EC0-301F-11D3-BF4B-00C04F79EFBC}") = "C2S6.Android", "C2S6.Android\C2S6.Android.csproj", "{A0E85CA3-9153-4507-8386-DAF8436992A6}"
EndProject
Project("{FAE04EC0-301F-11D3-BF4B-00C04F79EFBC}") = "C2S6", "C2S6\C2S6.csproj", "{C83B8FB3-622C-4ECC-8441-340432E9F60F}"
EndProject
Global
	GlobalSection(SolutionConfigurationPlatforms) = preSolution
		Debug|Any CPU = Debug|Any CPU
		Release|Any CPU = Release|Any CPU
	EndGlobalSection
	GlobalSection(ProjectConfigurationPlatforms) = postSolution
		{A0E85CA3-9153-4507-8386-DAF8436992A6}.Debug|Any CPU.ActiveCfg = Debug|Any CPU
		{A0E85CA3-9153-4507-8386-DAF8436992A6}.Debug|Any CPU.Build.0 = Debug|Any CPU
		{A0E85CA3-9153-4507-8386-DAF8436992A6}.Debug|Any CPU.Deploy.0 = Debug|Any CPU
		{A0E85CA3-9153-4507-8386-DAF8436992A6}.Release|Any CPU.ActiveCfg = Release|Any CPU
		{A0E85CA3-9153-4507-8386-DAF8436992A6}.Release|Any CPU.Build.0 = Release|Any CPU
		{A0E85CA3-9153-4507-8386-DAF8436992A6}.Release|Any CPU.Deploy.0 = Release|Any CPU
		{C83B8FB3-622C-4ECC-8441-340432E9F60F}.Debug|Any CPU.ActiveCfg = Debug|Any CPU
		{C83B8FB3-622C-4ECC-8441-340432E9F60F}.Debug|Any CPU.Build.0 = Debug|Any CPU
		{C83B8FB3-622C-4ECC-8441-340432E9F60F}.Debug|Any CPU.Deploy.0 = Debug|Any CPU
		{C83B8FB3-622C-4ECC-8441-340432E9F60F}.Release|Any CPU.ActiveCfg = Release|Any CPU
		{C83B8FB3-622C-4ECC-8441-340432E9F60F}.Release|Any CPU.Build.0 = Release|Any CPU
		{C83B8FB3-622C-4ECC-8441-340432E9F60F}.Release|Any CPU.Deploy.0 = Release|Any CPU
	EndGlobalSection
	GlobalSection(SolutionProperties) = preSolution
		HideSolutionNode = FALSE
	EndGlobalSection
	GlobalSection(ExtensibilityGlobals) = postSolution
		SolutionGuid = {BBE4C637-5984-40B2-8D9E-E532E6842CA1}
	EndGlobalSection
EndGlobal
